{
  "name": "ApplyIntern",
  "lockfileVersion": 3,
  "requires": true,
  "packages": {
    "": {
      "dependencies": {
        "mux": "^0.0.2"
      }
    },
    "node_modules/mux": {
      "version": "0.0.2",
      "resolved": "https://registry.npmjs.org/mux/-/mux-0.0.2.tgz",
      "integrity": "sha512-F7tM8kR8FMJxGUFq7EAWY0sSW2y09iyT+DiD+dr0tLLS6Z5mQo2gs6JuDxvnL6l66lbDrFPVIQfEnZEhbJtngw==",
      "dependencies": {
        "through": "~1.1.1"
      }
    },
    "node_modules/through": {
      "version": "1.1.2",
      "resolved": "https://registry.npmjs.org/through/-/through-1.1.2.tgz",
      "integrity": "sha512-YG7jdC/XCqsooOdR2LJpeuQ5WnuYnHohUMJq4xMN09rbr81rli6JfZbGa07dWJg24qb8h6mGC+0G74eak9hrnw=="
    }
  }
}
